
Microsoft Visual Studio Solution File, Format Version 12.00
# Visual Studio 15
VisualStudioVersion = 15.0.28307.329
MinimumVisualStudioVersion = 10.0.40219.1
Project("{FAE04EC0-301F-11D3-BF4B-00C04F79EFBC}") = "KP2faChecker", "KP2faChecker\KP2faChecker.csproj", "{2B4BC67E-77EC-4C52-8604-C579A46AB994}"
EndProject
Global
	GlobalSection(SolutionConfigurationPlatforms) = preSolution
		Debug|Any CPU = Debug|Any CPU
		Release|Any CPU = Release|Any CPU
	EndGlobalSection
	GlobalSection(ProjectConfigurationPlatforms) = postSolution
		{2B4BC67E-77EC-4C52-8604-C579A46AB994}.Debug|Any CPU.ActiveCfg = Debug|Any CPU
		{2B4BC67E-77EC-4C52-8604-C579A46AB994}.Release|Any CPU.ActiveCfg = Release|Any CPU
		{2B4BC67E-77EC-4C52-8604-C579A46AB994}.Release|Any CPU.Build.0 = Release|Any CPU
	EndGlobalSection
	GlobalSection(SolutionProperties) = preSolution
		HideSolutionNode = FALSE
	EndGlobalSection
	GlobalSection(ExtensibilityGlobals) = postSolution
		SolutionGuid = {724FAB5D-BD37-4FEF-BC95-224366E8E099}
	EndGlobalSection
EndGlobal
